
Microsoft Visual Studio Solution File, Format Version 12.00
# Visual Studio Version 17
VisualStudioVersion = 17.7.34031.279
MinimumVisualStudioVersion = 10.0.40219.1
Project("{FAE04EC0-301F-11D3-BF4B-00C04F79EFBC}") = "DobruskyCapitalLLC.MVC", "DobruskyCapitalLLC.MVC\DobruskyCapitalLLC.MVC.csproj", "{BB92FEE9-8CB6-4EC8-82A0-F5F61C3DEF4A}"
EndProject
Global
	GlobalSection(SolutionConfigurationPlatforms) = preSolution
		Debug|Any CPU = Debug|Any CPU
		Release|Any CPU = Release|Any CPU
	EndGlobalSection
	GlobalSection(ProjectConfigurationPlatforms) = postSolution
		{BB92FEE9-8CB6-4EC8-82A0-F5F61C3DEF4A}.Debug|Any CPU.ActiveCfg = Debug|Any CPU
		{BB92FEE9-8CB6-4EC8-82A0-F5F61C3DEF4A}.Debug|Any CPU.Build.0 = Debug|Any CPU
		{BB92FEE9-8CB6-4EC8-82A0-F5F61C3DEF4A}.Release|Any CPU.ActiveCfg = Release|Any CPU
		{BB92FEE9-8CB6-4EC8-82A0-F5F61C3DEF4A}.Release|Any CPU.Build.0 = Release|Any CPU
	EndGlobalSection
	GlobalSection(SolutionProperties) = preSolution
		HideSolutionNode = FALSE
	EndGlobalSection
	GlobalSection(ExtensibilityGlobals) = postSolution
		SolutionGuid = {A5ACE807-C81F-4CAC-8D55-D7BA07D0BC2A}
	EndGlobalSection
EndGlobal
